// !$*UTF8*$!
{
	archiveVersion = 1;
	classes = {
	};
	objectVersion = 48;
	objects = {

/* Begin PBXBuildFile section */
		148332F58240FCBB3D0CA1D2 /* Pods_NewsCombinedTests.framework in Frameworks */ = {isa = PBXBuildFile; fileRef = D1FD6BA430C38C4C572F705D /* Pods_NewsCombinedTests.framework */; };
		14DA2B9EFEF006EE69F13A32 /* Pods_NewsCombinedUITests.framework in Frameworks */ = {isa = PBXBuildFile; fileRef = 4CBB783EE9FCE54C6271ADB9 /* Pods_NewsCombinedUITests.framework */; };
		841E7BE31FFE642E00223E0F /* GoogleService-Info.plist in Resources */ = {isa = PBXBuildFile; fileRef = 841E7BE21FFE642E00223E0F /* GoogleService-Info.plist */; };
		844007CD1FFD6A07006C7FBD /* AppDelegate.swift in Sources */ = {isa = PBXBuildFile; fileRef = 844007CC1FFD6A07006C7FBD /* AppDelegate.swift */; };
		844007D21FFD6A07006C7FBD /* Main.storyboard in Resources */ = {isa = PBXBuildFile; fileRef = 844007D01FFD6A07006C7FBD /* Main.storyboard */; };
		844007D41FFD6A07006C7FBD /* Assets.xcassets in Resources */ = {isa = PBXBuildFile; fileRef = 844007D31FFD6A07006C7FBD /* Assets.xcassets */; };
		844007D71FFD6A07006C7FBD /* LaunchScreen.storyboard in Resources */ = {isa = PBXBuildFile; fileRef = 844007D51FFD6A07006C7FBD /* LaunchScreen.storyboard */; };
		844007E21FFD6A07006C7FBD /* NewsCombinedTests.swift in Sources */ = {isa = PBXBuildFile; fileRef = 844007E11FFD6A07006C7FBD /* NewsCombinedTests.swift */; };
		844007ED1FFD6A07006C7FBD /* NewsCombinedUITests.swift in Sources */ = {isa = PBXBuildFile; fileRef = 844007EC1FFD6A07006C7FBD /* NewsCombinedUITests.swift */; };
		84BA3F091FFE6C5900FB1A56 /* LogInViewController.swift in Sources */ = {isa = PBXBuildFile; fileRef = 84BA3F081FFE6C5900FB1A56 /* LogInViewController.swift */; };
		84BA3F0B1FFE6C7B00FB1A56 /* WelcomeViewController.swift in Sources */ = {isa = PBXBuildFile; fileRef = 84BA3F0A1FFE6C7B00FB1A56 /* WelcomeViewController.swift */; };
		84BA3F0D1FFE6C9900FB1A56 /* RegisterViewController.swift in Sources */ = {isa = PBXBuildFile; fileRef = 84BA3F0C1FFE6C9900FB1A56 /* RegisterViewController.swift */; };
		919DC806B0751C03B8D46E0F /* Pods_NewsCombined.framework in Frameworks */ = {isa = PBXBuildFile; fileRef = 04F1EDB1950C1FEC889427D5 /* Pods_NewsCombined.framework */; };
/* End PBXBuildFile section */

/* Begin PBXContainerItemProxy section */
		844007DE1FFD6A07006C7FBD /* PBXContainerItemProxy */ = {
			isa = PBXContainerItemProxy;
			containerPortal = 844007C11FFD6A06006C7FBD /* Project object */;
			proxyType = 1;
			remoteGlobalIDString = 844007C81FFD6A06006C7FBD;
			remoteInfo = NewsCombined;
		};
		844007E91FFD6A07006C7FBD /* PBXContainerItemProxy */ = {
			isa = PBXContainerItemProxy;
			containerPortal = 844007C11FFD6A06006C7FBD /* Project object */;
			proxyType = 1;
			remoteGlobalIDString = 844007C81FFD6A06006C7FBD;
			remoteInfo = NewsCombined;
		};
/* End PBXContainerItemProxy section */

/* Begin PBXFileReference section */
		04F1EDB1950C1FEC889427D5 /* Pods_NewsCombined.framework */ = {isa = PBXFileReference; explicitFileType = wrapper.framework; includeInIndex = 0; path = Pods_NewsCombined.framework; sourceTree = BUILT_PRODUCTS_DIR; };
		49B6B653F74FFC402E7B7756 /* Pods-NewsCombinedUITests.debug.xcconfig */ = {isa = PBXFileReference; includeInIndex = 1; lastKnownFileType = text.xcconfig; name = "Pods-NewsCombinedUITests.debug.xcconfig"; path = "Pods/Target Support Files/Pods-NewsCombinedUITests/Pods-NewsCombinedUITests.debug.xcconfig"; sourceTree = "<group>"; };
		4CBB783EE9FCE54C6271ADB9 /* Pods_NewsCombinedUITests.framework */ = {isa = PBXFileReference; explicitFileType = wrapper.framework; includeInIndex = 0; path = Pods_NewsCombinedUITests.framework; sourceTree = BUILT_PRODUCTS_DIR; };
		5412E5967F57679132832C71 /* Pods-NewsCombinedTests.debug.xcconfig */ = {isa = PBXFileReference; includeInIndex = 1; lastKnownFileType = text.xcconfig; name = "Pods-NewsCombinedTests.debug.xcconfig"; path = "Pods/Target Support Files/Pods-NewsCombinedTests/Pods-NewsCombinedTests.debug.xcconfig"; sourceTree = "<group>"; };
		66CDA88F795CF89B17718CB6 /* Pods-NewsCombined.debug.xcconfig */ = {isa = PBXFileReference; includeInIndex = 1; lastKnownFileType = text.xcconfig; name = "Pods-NewsCombined.debug.xcconfig"; path = "Pods/Target Support Files/Pods-NewsCombined/Pods-NewsCombined.debug.xcconfig"; sourceTree = "<group>"; };
		81E0CD48E21B812564A862F9 /* Pods-NewsCombinedUITests.release.xcconfig */ = {isa = PBXFileReference; includeInIndex = 1; lastKnownFileType = text.xcconfig; name = "Pods-NewsCombinedUITests.release.xcconfig"; path = "Pods/Target Support Files/Pods-NewsCombinedUITests/Pods-NewsCombinedUITests.release.xcconfig"; sourceTree = "<group>"; };
		841E7BE21FFE642E00223E0F /* GoogleService-Info.plist */ = {isa = PBXFileReference; fileEncoding = 4; lastKnownFileType = text.plist.xml; path = "GoogleService-Info.plist"; sourceTree = "<group>"; };
		844007C91FFD6A06006C7FBD /* NewsCombined.app */ = {isa = PBXFileReference; explicitFileType = wrapper.application; includeInIndex = 0; path = NewsCombined.app; sourceTree = BUILT_PRODUCTS_DIR; };
		844007CC1FFD6A07006C7FBD /* AppDelegate.swift */ = {isa = PBXFileReference; lastKnownFileType = sourcecode.swift; path = AppDelegate.swift; sourceTree = "<group>"; };
		844007D11FFD6A07006C7FBD /* Base */ = {isa = PBXFileReference; lastKnownFileType = file.storyboard; name = Base; path = Base.lproj/Main.storyboard; sourceTree = "<group>"; };
		844007D31FFD6A07006C7FBD /* Assets.xcassets */ = {isa = PBXFileReference; lastKnownFileType = folder.assetcatalog; path = Assets.xcassets; sourceTree = "<group>"; };
		844007D61FFD6A07006C7FBD /* Base */ = {isa = PBXFileReference; lastKnownFileType = file.storyboard; name = Base; path = Base.lproj/LaunchScreen.storyboard; sourceTree = "<group>"; };
		844007D81FFD6A07006C7FBD /* Info.plist */ = {isa = PBXFileReference; lastKnownFileType = text.plist.xml; path = Info.plist; sourceTree = "<group>"; };
		844007DD1FFD6A07006C7FBD /* NewsCombinedTests.xctest */ = {isa = PBXFileReference; explicitFileType = wrapper.cfbundle; includeInIndex = 0; path = NewsCombinedTests.xctest; sourceTree = BUILT_PRODUCTS_DIR; };
		844007E11FFD6A07006C7FBD /* NewsCombinedTests.swift */ = {isa = PBXFileReference; lastKnownFileType = sourcecode.swift; path = NewsCombinedTests.swift; sourceTree = "<group>"; };
		844007E31FFD6A07006C7FBD /* Info.plist */ = {isa = PBXFileReference; lastKnownFileType = text.plist.xml; path = Info.plist; sourceTree = "<group>"; };
		844007E81FFD6A07006C7FBD /* NewsCombinedUITests.xctest */ = {isa = PBXFileReference; explicitFileType = wrapper.cfbundle; includeInIndex = 0; path = NewsCombinedUITests.xctest; sourceTree = BUILT_PRODUCTS_DIR; };
		844007EC1FFD6A07006C7FBD /* NewsCombinedUITests.swift */ = {isa = PBXFileReference; lastKnownFileType = sourcecode.swift; path = NewsCombinedUITests.swift; sourceTree = "<group>"; };
		844007EE1FFD6A07006C7FBD /* Info.plist */ = {isa = PBXFileReference; lastKnownFileType = text.plist.xml; path = Info.plist; sourceTree = "<group>"; };
		84BA3F081FFE6C5900FB1A56 /* LogInViewController.swift */ = {isa = PBXFileReference; lastKnownFileType = sourcecode.swift; path = LogInViewController.swift; sourceTree = "<group>"; };
		84BA3F0A1FFE6C7B00FB1A56 /* WelcomeViewController.swift */ = {isa = PBXFileReference; lastKnownFileType = sourcecode.swift; path = WelcomeViewController.swift; sourceTree = "<group>"; };
		84BA3F0C1FFE6C9900FB1A56 /* RegisterViewController.swift */ = {isa = PBXFileReference; lastKnownFileType = sourcecode.swift; path = RegisterViewController.swift; sourceTree = "<group>"; };
		BDB805CC98E87DCB9100AA1C /* Pods-NewsCombinedTests.release.xcconfig */ = {isa = PBXFileReference; includeInIndex = 1; lastKnownFileType = text.xcconfig; name = "Pods-NewsCombinedTests.release.xcconfig"; path = "Pods/Target Support Files/Pods-NewsCombinedTests/Pods-NewsCombinedTests.release.xcconfig"; sourceTree = "<group>"; };
		C07CAFBEDAAEDABED083B9E8 /* Pods-NewsCombined.release.xcconfig */ = {isa = PBXFileReference; includeInIndex = 1; lastKnownFileType = text.xcconfig; name = "Pods-NewsCombined.release.xcconfig"; path = "Pods/Target Support Files/Pods-NewsCombined/Pods-NewsCombined.release.xcconfig"; sourceTree = "<group>"; };
		D1FD6BA430C38C4C572F705D /* Pods_NewsCombinedTests.framework */ = {isa = PBXFileReference; explicitFileType = wrapper.framework; includeInIndex = 0; path = Pods_NewsCombinedTests.framework; sourceTree = BUILT_PRODUCTS_DIR; };
/* End PBXFileReference section */

/* Begin PBXFrameworksBuildPhase section */
		844007C61FFD6A06006C7FBD /* Frameworks */ = {
			isa = PBXFrameworksBuildPhase;
			buildActionMask = 2147483647;
			files = (
				919DC806B0751C03B8D46E0F /* Pods_NewsCombined.framework in Frameworks */,
			);
			runOnlyForDeploymentPostprocessing = 0;
		};
		844007DA1FFD6A07006C7FBD /* Frameworks */ = {
			isa = PBXFrameworksBuildPhase;
			buildActionMask = 2147483647;
			files = (
				148332F58240FCBB3D0CA1D2 /* Pods_NewsCombinedTests.framework in Frameworks */,
			);
			runOnlyForDeploymentPostprocessing = 0;
		};
		844007E51FFD6A07006C7FBD /* Frameworks */ = {
			isa = PBXFrameworksBuildPhase;
			buildActionMask = 2147483647;
			files = (
				14DA2B9EFEF006EE69F13A32 /* Pods_NewsCombinedUITests.framework in Frameworks */,
			);
			runOnlyForDeploymentPostprocessing = 0;
		};
/* End PBXFrameworksBuildPhase section */

/* Begin PBXGroup section */
		1682C392F8D7F85F56E1709F /* Pods */ = {
			isa = PBXGroup;
			children = (
				66CDA88F795CF89B17718CB6 /* Pods-NewsCombined.debug.xcconfig */,
				C07CAFBEDAAEDABED083B9E8 /* Pods-NewsCombined.release.xcconfig */,
				5412E5967F57679132832C71 /* Pods-NewsCombinedTests.debug.xcconfig */,
				BDB805CC98E87DCB9100AA1C /* Pods-NewsCombinedTests.release.xcconfig */,
				49B6B653F74FFC402E7B7756 /* Pods-NewsCombinedUITests.debug.xcconfig */,
				81E0CD48E21B812564A862F9 /* Pods-NewsCombinedUITests.release.xcconfig */,
			);
			name = Pods;
			sourceTree = "<group>";
		};
		844007C01FFD6A06006C7FBD = {
			isa = PBXGroup;
			children = (
				844007CB1FFD6A06006C7FBD /* NewsCombined */,
				844007E01FFD6A07006C7FBD /* NewsCombinedTests */,
				844007EB1FFD6A07006C7FBD /* NewsCombinedUITests */,
				844007CA1FFD6A06006C7FBD /* Products */,
				1682C392F8D7F85F56E1709F /* Pods */,
				9E3E307CBAD31BDFD2CDDEE5 /* Frameworks */,
			);
			sourceTree = "<group>";
		};
		844007CA1FFD6A06006C7FBD /* Products */ = {
			isa = PBXGroup;
			children = (
				844007C91FFD6A06006C7FBD /* NewsCombined.app */,
				844007DD1FFD6A07006C7FBD /* NewsCombinedTests.xctest */,
				844007E81FFD6A07006C7FBD /* NewsCombinedUITests.xctest */,
			);
			name = Products;
			sourceTree = "<group>";
		};
		844007CB1FFD6A06006C7FBD /* NewsCombined */ = {
			isa = PBXGroup;
			children = (
				84BA3F0E1FFE6CCC00FB1A56 /* Controller */,
				841E7BE21FFE642E00223E0F /* GoogleService-Info.plist */,
				844007D01FFD6A07006C7FBD /* Main.storyboard */,
				844007D31FFD6A07006C7FBD /* Assets.xcassets */,
				844007D51FFD6A07006C7FBD /* LaunchScreen.storyboard */,
				844007D81FFD6A07006C7FBD /* Info.plist */,
			);
			path = NewsCombined;
			sourceTree = "<group>";
		};
		844007E01FFD6A07006C7FBD /* NewsCombinedTests */ = {
			isa = PBXGroup;
			children = (
				844007E11FFD6A07006C7FBD /* NewsCombinedTests.swift */,
				844007E31FFD6A07006C7FBD /* Info.plist */,
			);
			path = NewsCombinedTests;
			sourceTree = "<group>";
		};
		844007EB1FFD6A07006C7FBD /* NewsCombinedUITests */ = {
			isa = PBXGroup;
			children = (
				844007EC1FFD6A07006C7FBD /* NewsCombinedUITests.swift */,
				844007EE1FFD6A07006C7FBD /* Info.plist */,
			);
			path = NewsCombinedUITests;
			sourceTree = "<group>";
		};
		84BA3F0E1FFE6CCC00FB1A56 /* Controller */ = {
			isa = PBXGroup;
			children = (
				844007CC1FFD6A07006C7FBD /* AppDelegate.swift */,
				84BA3F081FFE6C5900FB1A56 /* LogInViewController.swift */,
				84BA3F0A1FFE6C7B00FB1A56 /* WelcomeViewController.swift */,
				84BA3F0C1FFE6C9900FB1A56 /* RegisterViewController.swift */,
			);
			path = Controller;
			sourceTree = "<group>";
		};
		9E3E307CBAD31BDFD2CDDEE5 /* Frameworks */ = {
			isa = PBXGroup;
			children = (
				04F1EDB1950C1FEC889427D5 /* Pods_NewsCombined.framework */,
				D1FD6BA430C38C4C572F705D /* Pods_NewsCombinedTests.framework */,
				4CBB783EE9FCE54C6271ADB9 /* Pods_NewsCombinedUITests.framework */,
			);
			name = Frameworks;
			sourceTree = "<group>";
		};
/* End PBXGroup section */

/* Begin PBXNativeTarget section */
		844007C81FFD6A06006C7FBD /* NewsCombined */ = {
			isa = PBXNativeTarget;
			buildConfigurationList = 844007F11FFD6A07006C7FBD /* Build configuration list for PBXNativeTarget "NewsCombined" */;
			buildPhases = (
				DB798B0AD4E9ABF904FD1880 /* [CP] Check Pods Manifest.lock */,
				844007C51FFD6A06006C7FBD /* Sources */,
				844007C61FFD6A06006C7FBD /* Frameworks */,
				844007C71FFD6A06006C7FBD /* Resources */,
				8FBC0F71D3FCC6B33B13FDCC /* [CP] Embed Pods Frameworks */,
				EC2B972E3C36258EE3B964BD /* [CP] Copy Pods Resources */,
			);
			buildRules = (
			);
			dependencies = (
			);
			name = NewsCombined;
			productName = NewsCombined;
			productReference = 844007C91FFD6A06006C7FBD /* NewsCombined.app */;
			productType = "com.apple.product-type.application";
		};
		844007DC1FFD6A07006C7FBD /* NewsCombinedTests */ = {
			isa = PBXNativeTarget;
			buildConfigurationList = 844007F41FFD6A07006C7FBD /* Build configuration list for PBXNativeTarget "NewsCombinedTests" */;
			buildPhases = (
				498958CADFBE848416340C07 /* [CP] Check Pods Manifest.lock */,
				844007D91FFD6A07006C7FBD /* Sources */,
				844007DA1FFD6A07006C7FBD /* Frameworks */,
				844007DB1FFD6A07006C7FBD /* Resources */,
				DBC4C92EE871A2E73E7D65F8 /* [CP] Embed Pods Frameworks */,
				4177C62BD4B348E2979E56F6 /* [CP] Copy Pods Resources */,
			);
			buildRules = (
			);
			dependencies = (
				844007DF1FFD6A07006C7FBD /* PBXTargetDependency */,
			);
			name = NewsCombinedTests;
			productName = NewsCombinedTests;
			productReference = 844007DD1FFD6A07006C7FBD /* NewsCombinedTests.xctest */;
			productType = "com.apple.product-type.bundle.unit-test";
		};
		844007E71FFD6A07006C7FBD /* NewsCombinedUITests */ = {
			isa = PBXNativeTarget;
			buildConfigurationList = 844007F71FFD6A07006C7FBD /* Build configuration list for PBXNativeTarget "NewsCombinedUITests" */;
			buildPhases = (
				540671C5115C62051277FF5F /* [CP] Check Pods Manifest.lock */,
				844007E41FFD6A07006C7FBD /* Sources */,
				844007E51FFD6A07006C7FBD /* Frameworks */,
				844007E61FFD6A07006C7FBD /* Resources */,
				72EA35B333D3E38BE1E12A8E /* [CP] Embed Pods Frameworks */,
				56A1F273C3D5B500728FA556 /* [CP] Copy Pods Resources */,
			);
			buildRules = (
			);
			dependencies = (
				844007EA1FFD6A07006C7FBD /* PBXTargetDependency */,
			);
			name = NewsCombinedUITests;
			productName = NewsCombinedUITests;
			productReference = 844007E81FFD6A07006C7FBD /* NewsCombinedUITests.xctest */;
			productType = "com.apple.product-type.bundle.ui-testing";
		};
/* End PBXNativeTarget section */

/* Begin PBXProject section */
		844007C11FFD6A06006C7FBD /* Project object */ = {
			isa = PBXProject;
			attributes = {
				LastSwiftUpdateCheck = 0900;
				LastUpgradeCheck = 0900;
				ORGANIZATIONNAME = admin;
				TargetAttributes = {
					844007C81FFD6A06006C7FBD = {
						CreatedOnToolsVersion = 9.0;
						ProvisioningStyle = Automatic;
					};
					844007DC1FFD6A07006C7FBD = {
						CreatedOnToolsVersion = 9.0;
						ProvisioningStyle = Automatic;
						TestTargetID = 844007C81FFD6A06006C7FBD;
					};
					844007E71FFD6A07006C7FBD = {
						CreatedOnToolsVersion = 9.0;
						ProvisioningStyle = Automatic;
						TestTargetID = 844007C81FFD6A06006C7FBD;
					};
				};
			};
			buildConfigurationList = 844007C41FFD6A06006C7FBD /* Build configuration list for PBXProject "NewsCombined" */;
			compatibilityVersion = "Xcode 8.0";
			developmentRegion = en;
			hasScannedForEncodings = 0;
			knownRegions = (
				en,
				Base,
			);
			mainGroup = 844007C01FFD6A06006C7FBD;
			productRefGroup = 844007CA1FFD6A06006C7FBD /* Products */;
			projectDirPath = "";
			projectRoot = "";
			targets = (
				844007C81FFD6A06006C7FBD /* NewsCombined */,
				844007DC1FFD6A07006C7FBD /* NewsCombinedTests */,
				844007E71FFD6A07006C7FBD /* NewsCombinedUITests */,
			);
		};
/* End PBXProject section */

/* Begin PBXResourcesBuildPhase section */
		844007C71FFD6A06006C7FBD /* Resources */ = {
			isa = PBXResourcesBuildPhase;
			buildActionMask = 2147483647;
			files = (
				844007D71FFD6A07006C7FBD /* LaunchScreen.storyboard in Resources */,
				841E7BE31FFE642E00223E0F /* GoogleService-Info.plist in Resources */,
				844007D41FFD6A07006C7FBD /* Assets.xcassets in Resources */,
				844007D21FFD6A07006C7FBD /* Main.storyboard in Resources */,
			);
			runOnlyForDeploymentPostprocessing = 0;
		};
		844007DB1FFD6A07006C7FBD /* Resources */ = {
			isa = PBXResourcesBuildPhase;
			buildActionMask = 2147483647;
			files = (
			);
			runOnlyForDeploymentPostprocessing = 0;
		};
		844007E61FFD6A07006C7FBD /* Resources */ = {
			isa = PBXResourcesBuildPhase;
			buildActionMask = 2147483647;
			files = (
			);
			runOnlyForDeploymentPostprocessing = 0;
		};
/* End PBXResourcesBuildPhase section */

/* Begin PBXShellScriptBuildPhase section */
		4177C62BD4B348E2979E56F6 /* [CP] Copy Pods Resources */ = {
			isa = PBXShellScriptBuildPhase;
			buildActionMask = 2147483647;
			files = (
			);
			inputPaths = (
			);
			name = "[CP] Copy Pods Resources";
			outputPaths = (
			);
			runOnlyForDeploymentPostprocessing = 0;
			shellPath = /bin/sh;
			shellScript = "\"${SRCROOT}/Pods/Target Support Files/Pods-NewsCombinedTests/Pods-NewsCombinedTests-resources.sh\"\n";
			showEnvVarsInLog = 0;
		};
		498958CADFBE848416340C07 /* [CP] Check Pods Manifest.lock */ = {
			isa = PBXShellScriptBuildPhase;
			buildActionMask = 2147483647;
			files = (
			);
			inputPaths = (
				"${PODS_PODFILE_DIR_PATH}/Podfile.lock",
				"${PODS_ROOT}/Manifest.lock",
			);
			name = "[CP] Check Pods Manifest.lock";
			outputPaths = (
				"$(DERIVED_FILE_DIR)/Pods-NewsCombinedTests-checkManifestLockResult.txt",
			);
			runOnlyForDeploymentPostprocessing = 0;
			shellPath = /bin/sh;
			shellScript = "diff \"${PODS_PODFILE_DIR_PATH}/Podfile.lock\" \"${PODS_ROOT}/Manifest.lock\" > /dev/null\nif [ $? != 0 ] ; then\n    # print error to STDERR\n    echo \"error: The sandbox is not in sync with the Podfile.lock. Run 'pod install' or update your CocoaPods installation.\" >&2\n    exit 1\nfi\n# This output is used by Xcode 'outputs' to avoid re-running this script phase.\necho \"SUCCESS\" > \"${SCRIPT_OUTPUT_FILE_0}\"\n";
			showEnvVarsInLog = 0;
		};
		540671C5115C62051277FF5F /* [CP] Check Pods Manifest.lock */ = {
			isa = PBXShellScriptBuildPhase;
			buildActionMask = 2147483647;
			files = (
			);
			inputPaths = (
				"${PODS_PODFILE_DIR_PATH}/Podfile.lock",
				"${PODS_ROOT}/Manifest.lock",
			);
			name = "[CP] Check Pods Manifest.lock";
			outputPaths = (
				"$(DERIVED_FILE_DIR)/Pods-NewsCombinedUITests-checkManifestLockResult.txt",
			);
			runOnlyForDeploymentPostprocessing = 0;
			shellPath = /bin/sh;
			shellScript = "diff \"${PODS_PODFILE_DIR_PATH}/Podfile.lock\" \"${PODS_ROOT}/Manifest.lock\" > /dev/null\nif [ $? != 0 ] ; then\n    # print error to STDERR\n    echo \"error: The sandbox is not in sync with the Podfile.lock. Run 'pod install' or update your CocoaPods installation.\" >&2\n    exit 1\nfi\n# This output is used by Xcode 'outputs' to avoid re-running this script phase.\necho \"SUCCESS\" > \"${SCRIPT_OUTPUT_FILE_0}\"\n";
			showEnvVarsInLog = 0;
		};
		56A1F273C3D5B500728FA556 /* [CP] Copy Pods Resources */ = {
			isa = PBXShellScriptBuildPhase;
			buildActionMask = 2147483647;
			files = (
			);
			inputPaths = (
			);
			name = "[CP] Copy Pods Resources";
			outputPaths = (
			);
			runOnlyForDeploymentPostprocessing = 0;
			shellPath = /bin/sh;
			shellScript = "\"${SRCROOT}/Pods/Target Support Files/Pods-NewsCombinedUITests/Pods-NewsCombinedUITests-resources.sh\"\n";
			showEnvVarsInLog = 0;
		};
		72EA35B333D3E38BE1E12A8E /* [CP] Embed Pods Frameworks */ = {
			isa = PBXShellScriptBuildPhase;
			buildActionMask = 2147483647;
			files = (
			);
			inputPaths = (
			);
			name = "[CP] Embed Pods Frameworks";
			outputPaths = (
			);
			runOnlyForDeploymentPostprocessing = 0;
			shellPath = /bin/sh;
			shellScript = "\"${SRCROOT}/Pods/Target Support Files/Pods-NewsCombinedUITests/Pods-NewsCombinedUITests-frameworks.sh\"\n";
			showEnvVarsInLog = 0;
		};
		8FBC0F71D3FCC6B33B13FDCC /* [CP] Embed Pods Frameworks */ = {
			isa = PBXShellScriptBuildPhase;
			buildActionMask = 2147483647;
			files = (
			);
			inputPaths = (
				"${SRCROOT}/Pods/Target Support Files/Pods-NewsCombined/Pods-NewsCombined-frameworks.sh",
				"${BUILT_PRODUCTS_DIR}/ChameleonFramework/ChameleonFramework.framework",
				"${BUILT_PRODUCTS_DIR}/GTMSessionFetcher/GTMSessionFetcher.framework",
				"${BUILT_PRODUCTS_DIR}/GoogleToolboxForMac/GoogleToolboxForMac.framework",
				"${BUILT_PRODUCTS_DIR}/SVProgressHUD/SVProgressHUD.framework",
			);
			name = "[CP] Embed Pods Frameworks";
			outputPaths = (
				"${TARGET_BUILD_DIR}/${FRAMEWORKS_FOLDER_PATH}/ChameleonFramework.framework",
				"${TARGET_BUILD_DIR}/${FRAMEWORKS_FOLDER_PATH}/GTMSessionFetcher.framework",
				"${TARGET_BUILD_DIR}/${FRAMEWORKS_FOLDER_PATH}/GoogleToolboxForMac.framework",
				"${TARGET_BUILD_DIR}/${FRAMEWORKS_FOLDER_PATH}/SVProgressHUD.framework",
			);
			runOnlyForDeploymentPostprocessing = 0;
			shellPath = /bin/sh;
			shellScript = "\"${SRCROOT}/Pods/Target Support Files/Pods-NewsCombined/Pods-NewsCombined-frameworks.sh\"\n";
			showEnvVarsInLog = 0;
		};
		DB798B0AD4E9ABF904FD1880 /* [CP] Check Pods Manifest.lock */ = {
			isa = PBXShellScriptBuildPhase;
			buildActionMask = 2147483647;
			files = (
			);
			inputPaths = (
				"${PODS_PODFILE_DIR_PATH}/Podfile.lock",
				"${PODS_ROOT}/Manifest.lock",
			);
			name = "[CP] Check Pods Manifest.lock";
			outputPaths = (
				"$(DERIVED_FILE_DIR)/Pods-NewsCombined-checkManifestLockResult.txt",
			);
			runOnlyForDeploymentPostprocessing = 0;
			shellPath = /bin/sh;
			shellScript = "diff \"${PODS_PODFILE_DIR_PATH}/Podfile.lock\" \"${PODS_ROOT}/Manifest.lock\" > /dev/null\nif [ $? != 0 ] ; then\n    # print error to STDERR\n    echo \"error: The sandbox is not in sync with the Podfile.lock. Run 'pod install' or update your CocoaPods installation.\" >&2\n    exit 1\nfi\n# This output is used by Xcode 'outputs' to avoid re-running this script phase.\necho \"SUCCESS\" > \"${SCRIPT_OUTPUT_FILE_0}\"\n";
			showEnvVarsInLog = 0;
		};
		DBC4C92EE871A2E73E7D65F8 /* [CP] Embed Pods Frameworks */ = {
			isa = PBXShellScriptBuildPhase;
			buildActionMask = 2147483647;
			files = (
			);
			inputPaths = (
			);
			name = "[CP] Embed Pods Frameworks";
			outputPaths = (
			);
			runOnlyForDeploymentPostprocessing = 0;
			shellPath = /bin/sh;
			shellScript = "\"${SRCROOT}/Pods/Target Support Files/Pods-NewsCombinedTests/Pods-NewsCombinedTests-frameworks.sh\"\n";
			showEnvVarsInLog = 0;
		};
		EC2B972E3C36258EE3B964BD /* [CP] Copy Pods Resources */ = {
			isa = PBXShellScriptBuildPhase;
			buildActionMask = 2147483647;
			files = (
			);
			inputPaths = (
			);
			name = "[CP] Copy Pods Resources";
			outputPaths = (
			);
			runOnlyForDeploymentPostprocessing = 0;
			shellPath = /bin/sh;
			shellScript = "\"${SRCROOT}/Pods/Target Support Files/Pods-NewsCombined/Pods-NewsCombined-resources.sh\"\n";
			showEnvVarsInLog = 0;
		};
/* End PBXShellScriptBuildPhase section */

/* Begin PBXSourcesBuildPhase section */
		844007C51FFD6A06006C7FBD /* Sources */ = {
			isa = PBXSourcesBuildPhase;
			buildActionMask = 2147483647;
			files = (
				84BA3F0D1FFE6C9900FB1A56 /* RegisterViewController.swift in Sources */,
				84BA3F0B1FFE6C7B00FB1A56 /* WelcomeViewController.swift in Sources */,
				84BA3F091FFE6C5900FB1A56 /* LogInViewController.swift in Sources */,
				844007CD1FFD6A07006C7FBD /* AppDelegate.swift in Sources */,
			);
			runOnlyForDeploymentPostprocessing = 0;
		};
		844007D91FFD6A07006C7FBD /* Sources */ = {
			isa = PBXSourcesBuildPhase;
			buildActionMask = 2147483647;
			files = (
				844007E21FFD6A07006C7FBD /* NewsCombinedTests.swift in Sources */,
			);
			runOnlyForDeploymentPostprocessing = 0;
		};
		844007E41FFD6A07006C7FBD /* Sources */ = {
			isa = PBXSourcesBuildPhase;
			buildActionMask = 2147483647;
			files = (
				844007ED1FFD6A07006C7FBD /* NewsCombinedUITests.swift in Sources */,
			);
			runOnlyForDeploymentPostprocessing = 0;
		};
/* End PBXSourcesBuildPhase section */

/* Begin PBXTargetDependency section */
		844007DF1FFD6A07006C7FBD /* PBXTargetDependency */ = {
			isa = PBXTargetDependency;
			target = 844007C81FFD6A06006C7FBD /* NewsCombined */;
			targetProxy = 844007DE1FFD6A07006C7FBD /* PBXContainerItemProxy */;
		};
		844007EA1FFD6A07006C7FBD /* PBXTargetDependency */ = {
			isa = PBXTargetDependency;
			target = 844007C81FFD6A06006C7FBD /* NewsCombined */;
			targetProxy = 844007E91FFD6A07006C7FBD /* PBXContainerItemProxy */;
		};
/* End PBXTargetDependency section */

/* Begin PBXVariantGroup section */
		844007D01FFD6A07006C7FBD /* Main.storyboard */ = {
			isa = PBXVariantGroup;
			children = (
				844007D11FFD6A07006C7FBD /* Base */,
			);
			name = Main.storyboard;
			sourceTree = "<group>";
		};
		844007D51FFD6A07006C7FBD /* LaunchScreen.storyboard */ = {
			isa = PBXVariantGroup;
			children = (
				844007D61FFD6A07006C7FBD /* Base */,
			);
			name = LaunchScreen.storyboard;
			sourceTree = "<group>";
		};
/* End PBXVariantGroup section */

/* Begin XCBuildConfiguration section */
		844007EF1FFD6A07006C7FBD /* Debug */ = {
			isa = XCBuildConfiguration;
			buildSettings = {
				ALWAYS_SEARCH_USER_PATHS = NO;
				CLANG_ANALYZER_NONNULL = YES;
				CLANG_ANALYZER_NUMBER_OBJECT_CONVERSION = YES_AGGRESSIVE;
				CLANG_CXX_LANGUAGE_STANDARD = "gnu++14";
				CLANG_CXX_LIBRARY = "libc++";
				CLANG_ENABLE_MODULES = YES;
				CLANG_ENABLE_OBJC_ARC = YES;
				CLANG_WARN_BLOCK_CAPTURE_AUTORELEASING = YES;
				CLANG_WARN_BOOL_CONVERSION = YES;
				CLANG_WARN_COMMA = YES;
				CLANG_WARN_CONSTANT_CONVERSION = YES;
				CLANG_WARN_DIRECT_OBJC_ISA_USAGE = YES_ERROR;
				CLANG_WARN_DOCUMENTATION_COMMENTS = YES;
				CLANG_WARN_EMPTY_BODY = YES;
				CLANG_WARN_ENUM_CONVERSION = YES;
				CLANG_WARN_INFINITE_RECURSION = YES;
				CLANG_WARN_INT_CONVERSION = YES;
				CLANG_WARN_NON_LITERAL_NULL_CONVERSION = YES;
				CLANG_WARN_OBJC_LITERAL_CONVERSION = YES;
				CLANG_WARN_OBJC_ROOT_CLASS = YES_ERROR;
				CLANG_WARN_RANGE_LOOP_ANALYSIS = YES;
				CLANG_WARN_STRICT_PROTOTYPES = YES;
				CLANG_WARN_SUSPICIOUS_MOVE = YES;
				CLANG_WARN_UNGUARDED_AVAILABILITY = YES_AGGRESSIVE;
				CLANG_WARN_UNREACHABLE_CODE = YES;
				CLANG_WARN__DUPLICATE_METHOD_MATCH = YES;
				CODE_SIGN_IDENTITY = "iPhone Developer";
				COPY_PHASE_STRIP = NO;
				DEBUG_INFORMATION_FORMAT = dwarf;
				ENABLE_STRICT_OBJC_MSGSEND = YES;
				ENABLE_TESTABILITY = YES;
				GCC_C_LANGUAGE_STANDARD = gnu11;
				GCC_DYNAMIC_NO_PIC = NO;
				GCC_NO_COMMON_BLOCKS = YES;
				GCC_OPTIMIZATION_LEVEL = 0;
				GCC_PREPROCESSOR_DEFINITIONS = (
					"DEBUG=1",
					"$(inherited)",
				);
				GCC_WARN_64_TO_32_BIT_CONVERSION = YES;
				GCC_WARN_ABOUT_RETURN_TYPE = YES_ERROR;
				GCC_WARN_UNDECLARED_SELECTOR = YES;
				GCC_WARN_UNINITIALIZED_AUTOS = YES_AGGRESSIVE;
				GCC_WARN_UNUSED_FUNCTION = YES;
				GCC_WARN_UNUSED_VARIABLE = YES;
				IPHONEOS_DEPLOYMENT_TARGET = 11.0;
				MTL_ENABLE_DEBUG_INFO = YES;
				ONLY_ACTIVE_ARCH = YES;
				SDKROOT = iphoneos;
				SWIFT_ACTIVE_COMPILATION_CONDITIONS = DEBUG;
				SWIFT_OPTIMIZATION_LEVEL = "-Onone";
			};
			name = Debug;
		};
		844007F01FFD6A07006C7FBD /* Release */ = {
			isa = XCBuildConfiguration;
			buildSettings = {
				ALWAYS_SEARCH_USER_PATHS = NO;
				CLANG_ANALYZER_NONNULL = YES;
				CLANG_ANALYZER_NUMBER_OBJECT_CONVERSION = YES_AGGRESSIVE;
				CLANG_CXX_LANGUAGE_STANDARD = "gnu++14";
				CLANG_CXX_LIBRARY = "libc++";
				CLANG_ENABLE_MODULES = YES;
				CLANG_ENABLE_OBJC_ARC = YES;
				CLANG_WARN_BLOCK_CAPTURE_AUTORELEASING = YES;
				CLANG_WARN_BOOL_CONVERSION = YES;
				CLANG_WARN_COMMA = YES;
				CLANG_WARN_CONSTANT_CONVERSION = YES;
				CLANG_WARN_DIRECT_OBJC_ISA_USAGE = YES_ERROR;
				CLANG_WARN_DOCUMENTATION_COMMENTS = YES;
				CLANG_WARN_EMPTY_BODY = YES;
				CLANG_WARN_ENUM_CONVERSION = YES;
				CLANG_WARN_INFINITE_RECURSION = YES;
				CLANG_WARN_INT_CONVERSION = YES;
				CLANG_WARN_NON_LITERAL_NULL_CONVERSION = YES;
				CLANG_WARN_OBJC_LITERAL_CONVERSION = YES;
				CLANG_WARN_OBJC_ROOT_CLASS = YES_ERROR;
				CLANG_WARN_RANGE_LOOP_ANALYSIS = YES;
				CLANG_WARN_STRICT_PROTOTYPES = YES;
				CLANG_WARN_SUSPICIOUS_MOVE = YES;
				CLANG_WARN_UNGUARDED_AVAILABILITY = YES_AGGRESSIVE;
				CLANG_WARN_UNREACHABLE_CODE = YES;
				CLANG_WARN__DUPLICATE_METHOD_MATCH = YES;
				CODE_SIGN_IDENTITY = "iPhone Developer";
				COPY_PHASE_STRIP = NO;
				DEBUG_INFORMATION_FORMAT = "dwarf-with-dsym";
				ENABLE_NS_ASSERTIONS = NO;
				ENABLE_STRICT_OBJC_MSGSEND = YES;
				GCC_C_LANGUAGE_STANDARD = gnu11;
				GCC_NO_COMMON_BLOCKS = YES;
				GCC_WARN_64_TO_32_BIT_CONVERSION = YES;
				GCC_WARN_ABOUT_RETURN_TYPE = YES_ERROR;
				GCC_WARN_UNDECLARED_SELECTOR = YES;
				GCC_WARN_UNINITIALIZED_AUTOS = YES_AGGRESSIVE;
				GCC_WARN_UNUSED_FUNCTION = YES;
				GCC_WARN_UNUSED_VARIABLE = YES;
				IPHONEOS_DEPLOYMENT_TARGET = 11.0;
				MTL_ENABLE_DEBUG_INFO = NO;
				SDKROOT = iphoneos;
				SWIFT_OPTIMIZATION_LEVEL = "-Owholemodule";
				VALIDATE_PRODUCT = YES;
			};
			name = Release;
		};
		844007F21FFD6A07006C7FBD /* Debug */ = {
			isa = XCBuildConfiguration;
			baseConfigurationReference = 66CDA88F795CF89B17718CB6 /* Pods-NewsCombined.debug.xcconfig */;
			buildSettings = {
				ASSETCATALOG_COMPILER_APPICON_NAME = AppIcon;
				CODE_SIGN_STYLE = Automatic;
				INFOPLIST_FILE = NewsCombined/Info.plist;
				LD_RUNPATH_SEARCH_PATHS = "$(inherited) @executable_path/Frameworks";
				PRODUCT_BUNDLE_IDENTIFIER = com.AdamYablonka.NewsCombined;
				PRODUCT_NAME = "$(TARGET_NAME)";
				SWIFT_VERSION = 4.0;
				TARGETED_DEVICE_FAMILY = "1,2";
			};
			name = Debug;
		};
		844007F31FFD6A07006C7FBD /* Release */ = {
			isa = XCBuildConfiguration;
			baseConfigurationReference = C07CAFBEDAAEDABED083B9E8 /* Pods-NewsCombined.release.xcconfig */;
			buildSettings = {
				ASSETCATALOG_COMPILER_APPICON_NAME = AppIcon;
				CODE_SIGN_STYLE = Automatic;
				INFOPLIST_FILE = NewsCombined/Info.plist;
				LD_RUNPATH_SEARCH_PATHS = "$(inherited) @executable_path/Frameworks";
				PRODUCT_BUNDLE_IDENTIFIER = com.AdamYablonka.NewsCombined;
				PRODUCT_NAME = "$(TARGET_NAME)";
				SWIFT_VERSION = 4.0;
				TARGETED_DEVICE_FAMILY = "1,2";
			};
			name = Release;
		};
		844007F51FFD6A07006C7FBD /* Debug */ = {
			isa = XCBuildConfiguration;
			baseConfigurationReference = 5412E5967F57679132832C71 /* Pods-NewsCombinedTests.debug.xcconfig */;
			buildSettings = {
				ALWAYS_EMBED_SWIFT_STANDARD_LIBRARIES = YES;
				BUNDLE_LOADER = "$(TEST_HOST)";
				CODE_SIGN_STYLE = Automatic;
				INFOPLIST_FILE = NewsCombinedTests/Info.plist;
				LD_RUNPATH_SEARCH_PATHS = "$(inherited) @executable_path/Frameworks @loader_path/Frameworks";
				PRODUCT_BUNDLE_IDENTIFIER = com.AdamYablonka.NewsCombinedTests;
				PRODUCT_NAME = "$(TARGET_NAME)";
				SWIFT_VERSION = 4.0;
				TARGETED_DEVICE_FAMILY = "1,2";
				TEST_HOST = "$(BUILT_PRODUCTS_DIR)/NewsCombined.app/NewsCombined";
			};
			name = Debug;
		};
		844007F61FFD6A07006C7FBD /* Release */ = {
			isa = XCBuildConfiguration;
			baseConfigurationReference = BDB805CC98E87DCB9100AA1C /* Pods-NewsCombinedTests.release.xcconfig */;
			buildSettings = {
				ALWAYS_EMBED_SWIFT_STANDARD_LIBRARIES = YES;
				BUNDLE_LOADER = "$(TEST_HOST)";
				CODE_SIGN_STYLE = Automatic;
				INFOPLIST_FILE = NewsCombinedTests/Info.plist;
				LD_RUNPATH_SEARCH_PATHS = "$(inherited) @executable_path/Frameworks @loader_path/Frameworks";
				PRODUCT_BUNDLE_IDENTIFIER = com.AdamYablonka.NewsCombinedTests;
				PRODUCT_NAME = "$(TARGET_NAME)";
				SWIFT_VERSION = 4.0;
				TARGETED_DEVICE_FAMILY = "1,2";
				TEST_HOST = "$(BUILT_PRODUCTS_DIR)/NewsCombined.app/NewsCombined";
			};
			name = Release;
		};
		844007F81FFD6A07006C7FBD /* Debug */ = {
			isa = XCBuildConfiguration;
			baseConfigurationReference = 49B6B653F74FFC402E7B7756 /* Pods-NewsCombinedUITests.debug.xcconfig */;
			buildSettings = {
				ALWAYS_EMBED_SWIFT_STANDARD_LIBRARIES = YES;
				CODE_SIGN_STYLE = Automatic;
				INFOPLIST_FILE = NewsCombinedUITests/Info.plist;
				LD_RUNPATH_SEARCH_PATHS = "$(inherited) @executable_path/Frameworks @loader_path/Frameworks";
				PRODUCT_BUNDLE_IDENTIFIER = com.AdamYablonka.NewsCombinedUITests;
				PRODUCT_NAME = "$(TARGET_NAME)";
				SWIFT_VERSION = 4.0;
				TARGETED_DEVICE_FAMILY = "1,2";
				TEST_TARGET_NAME = NewsCombined;
			};
			name = Debug;
		};
		844007F91FFD6A07006C7FBD /* Release */ = {
			isa = XCBuildConfiguration;
			baseConfigurationReference = 81E0CD48E21B812564A862F9 /* Pods-NewsCombinedUITests.release.xcconfig */;
			buildSettings = {
				ALWAYS_EMBED_SWIFT_STANDARD_LIBRARIES = YES;
				CODE_SIGN_STYLE = Automatic;
				INFOPLIST_FILE = NewsCombinedUITests/Info.plist;
				LD_RUNPATH_SEARCH_PATHS = "$(inherited) @executable_path/Frameworks @loader_path/Frameworks";
				PRODUCT_BUNDLE_IDENTIFIER = com.AdamYablonka.NewsCombinedUITests;
				PRODUCT_NAME = "$(TARGET_NAME)";
				SWIFT_VERSION = 4.0;
				TARGETED_DEVICE_FAMILY = "1,2";
				TEST_TARGET_NAME = NewsCombined;
			};
			name = Release;
		};
/* End XCBuildConfiguration section */

/* Begin XCConfigurationList section */
		844007C41FFD6A06006C7FBD /* Build configuration list for PBXProject "NewsCombined" */ = {
			isa = XCConfigurationList;
			buildConfigurations = (
				844007EF1FFD6A07006C7FBD /* Debug */,
				844007F01FFD6A07006C7FBD /* Release */,
			);
			defaultConfigurationIsVisible = 0;
			defaultConfigurationName = Release;
		};
		844007F11FFD6A07006C7FBD /* Build configuration list for PBXNativeTarget "NewsCombined" */ = {
			isa = XCConfigurationList;
			buildConfigurations = (
				844007F21FFD6A07006C7FBD /* Debug */,
				844007F31FFD6A07006C7FBD /* Release */,
			);
			defaultConfigurationIsVisible = 0;
			defaultConfigurationName = Release;
		};
		844007F41FFD6A07006C7FBD /* Build configuration list for PBXNativeTarget "NewsCombinedTests" */ = {
			isa = XCConfigurationList;
			buildConfigurations = (
				844007F51FFD6A07006C7FBD /* Debug */,
				844007F61FFD6A07006C7FBD /* Release */,
			);
			defaultConfigurationIsVisible = 0;
			defaultConfigurationName = Release;
		};
		844007F71FFD6A07006C7FBD /* Build configuration list for PBXNativeTarget "NewsCombinedUITests" */ = {
			isa = XCConfigurationList;
			buildConfigurations = (
				844007F81FFD6A07006C7FBD /* Debug */,
				844007F91FFD6A07006C7FBD /* Release */,
			);
			defaultConfigurationIsVisible = 0;
			defaultConfigurationName = Release;
		};
/* End XCConfigurationList section */
	};
	rootObject = 844007C11FFD6A06006C7FBD /* Project object */;
}
